name: Update .lock file
on:
  workflow_call:
    secrets:
      token:
        required: true
      bot_pat:
        required: true
    inputs: {}

jobs:
  update_flake:
    runs-on: ubuntu-latest
    steps:
      - uses: actions/checkout@main
        with:
          token: ${{ secrets.token }}

      - name: Update flake.lock
        uses: DeterminateSystems/update-flake-lock@main
        id: update-flake-lock
        with:
          commit-msg: "🧹 chore(flake.lock): update"
          pr-body: |
            ```
            {{ env.GIT_COMMIT_MESSAGE }}
            ```
          pr-title: "🧹 chore(flake.lock): update"
          pr-labels: auto-merge
          nix-options: "--access-tokens github.com=${{ secrets.bot_pat }}"
          token: ${{ secrets.token }}

      - name: Set outputs
        run: |
          echo "pull-request-operation=${{ steps.update-flake-lock.outputs.pull-request-operation }}" >> $GITHUB_OUTPUT
          echo "pull-request-url=${{ steps.update-flake-lock.outputs.pull-request-url }}" >> $GITHUB_OUTPUT
