name: Update Lockfile
on:
  workflow_dispatch:
  schedule:
    - cron: "0 6 * * *"

concurrency:
  group: update-lockfile
  cancel-in-progress: false

permissions:
  contents: write
  pull-requests: write

jobs:
  lockfile:
    runs-on: ubuntu-latest
    steps:
      - name: Setup SSH for private repositories
        uses: webfactory/ssh-agent@v0.9.1
        with:
          ssh-private-key: ${{ secrets.SSH_DEPLOY_KEY }}

      - name: Checkout main repository
        uses: actions/checkout@v6.0.2
        with:
          token: ${{ secrets.GITHUB_TOKEN }}
          fetch-depth: 0

      - name: Install Nix
        uses: DeterminateSystems/nix-installer-action@v21

      - name: Update flake.lock
        uses: DeterminateSystems/update-flake-lock@v28
        id: update-flake-lock
        with:
          commit-msg: "🧹 chore(flake.lock): update"
          pr-body: |
            ```
            {{ env.GIT_COMMIT_MESSAGE }}
            ```
          pr-title: "🧹 chore(flake.lock): update"
          pr-labels: auto-merge
          nix-options: "--access-tokens github.com=${{ secrets.SECRETS_PAT }}"
          token: ${{ secrets.GITHUB_TOKEN }}

      - name: Get commit message for compare URLs
        if: steps.update-flake-lock.outputs.pull-request-operation == 'created' || steps.update-flake-lock.outputs.pull-request-operation == 'updated'
        id: get-commit-message
        env:
          PR_NUMBER: ${{ steps.update-flake-lock.outputs.pull-request-number }}
        run: |
          PR_BRANCH="update_flake_lock_action"
          git fetch origin "${PR_BRANCH}:${PR_BRANCH}" || git fetch origin

          COMMIT_MSG=$(git log --format=%B -n 1 "${PR_BRANCH}" 2>/dev/null || git log --format=%B -n 1 HEAD)
          {
            echo "commit-message<<EOF"
            echo "$COMMIT_MSG"
            echo "EOF"
          } >> "$GITHUB_OUTPUT"

          echo "pr-branch=${PR_BRANCH}" >> "$GITHUB_OUTPUT"

      - name: Create compare URLs
        uses: actions/github-script@v8
        if: steps.update-flake-lock.outputs.pull-request-operation == 'created' || steps.update-flake-lock.outputs.pull-request-operation == 'updated'
        env:
          GIT_COMMIT_MESSAGE: ${{ steps.get-commit-message.outputs.commit-message }}
          PULL_REQUEST_NUMBER: ${{ steps.update-flake-lock.outputs.pull-request-number }}
          PR_BRANCH: ${{ steps.get-commit-message.outputs.pr-branch }}
        with:
          github-token: ${{ secrets.GITHUB_TOKEN }}
          script: |
            const comment = require('.github/scripts/comment')
            const compare = require('.github/scripts/compare')

            const urls = await compare({ core })
            if (!urls?.length) {
              core.info('No compare URLs to add')
              return
            }

            const header = "## 🔗 Compare URLs"
            const body = urls.map((url) => `- ${url}`).join("\n")

            const issueNumber = parseInt(process.env.PULL_REQUEST_NUMBER, 10)
            if (Number.isNaN(issueNumber)) {
              core.error('Could not determine PR number')
              return
            }

            core.info(`Adding compare URLs to PR #${issueNumber}`)
            await comment({ github, context, header, body, issueNumber })

      - name: Auto-merge GitHub bot PRs
        if: ${{ steps.update-flake-lock.outputs.pull-request-url != '' }}
        run: |
          if [ -n "$PR_URL" ]; then
            gh pr merge --auto --merge "$PR_URL"
          fi
        env:
          PR_URL: ${{ steps.update-flake-lock.outputs.pull-request-url }}
          GH_TOKEN: ${{ secrets.GITHUB_TOKEN }}
